
Microsoft Visual Studio Solution File, Format Version 12.00
# Visual Studio Version 17
VisualStudioVersion = 17.7.34024.191
MinimumVisualStudioVersion = 10.0.40219.1
Project("{8BC9CEB8-8B4A-11D0-8D11-00A0C91BC942}") = "day2-2", "day2-2.vcxproj", "{AA703E0F-B128-4F23-890C-1E80F7BC2069}"
EndProject
Global
	GlobalSection(SolutionConfigurationPlatforms) = preSolution
		Debug|x64 = Debug|x64
		Debug|x86 = Debug|x86
		Release|x64 = Release|x64
		Release|x86 = Release|x86
	EndGlobalSection
	GlobalSection(ProjectConfigurationPlatforms) = postSolution
		{AA703E0F-B128-4F23-890C-1E80F7BC2069}.Debug|x64.ActiveCfg = Debug|x64
		{AA703E0F-B128-4F23-890C-1E80F7BC2069}.Debug|x64.Build.0 = Debug|x64
		{AA703E0F-B128-4F23-890C-1E80F7BC2069}.Debug|x86.ActiveCfg = Debug|Win32
		{AA703E0F-B128-4F23-890C-1E80F7BC2069}.Debug|x86.Build.0 = Debug|Win32
		{AA703E0F-B128-4F23-890C-1E80F7BC2069}.Release|x64.ActiveCfg = Release|x64
		{AA703E0F-B128-4F23-890C-1E80F7BC2069}.Release|x64.Build.0 = Release|x64
		{AA703E0F-B128-4F23-890C-1E80F7BC2069}.Release|x86.ActiveCfg = Release|Win32
		{AA703E0F-B128-4F23-890C-1E80F7BC2069}.Release|x86.Build.0 = Release|Win32
	EndGlobalSection
	GlobalSection(SolutionProperties) = preSolution
		HideSolutionNode = FALSE
	EndGlobalSection
	GlobalSection(ExtensibilityGlobals) = postSolution
		SolutionGuid = {78370553-772E-44B9-A3C4-52F318689EF2}
	EndGlobalSection
EndGlobal
